
Microsoft Visual Studio Solution File, Format Version 12.00
# Visual Studio Version 17
VisualStudioVersion = 17.9.34902.65
MinimumVisualStudioVersion = 10.0.40219.1
Project("{9A19103F-16F7-4668-BE54-9A1E7A4F7556}") = "eBikeSystemDB", "eBikeSystemDB\eBikeSystemDB.csproj", "{547032B7-CB2D-4CD0-B2BB-B5A8CCDBE70F}"
EndProject
Project("{FAE04EC0-301F-11D3-BF4B-00C04F79EFBC}") = "eBikeSystemWebApp", "eBikeSystemWebApp\eBikeSystemWebApp.csproj", "{DA5D2880-F439-4DA2-B3ED-1D589891320E}"
EndProject
Global
	GlobalSection(SolutionConfigurationPlatforms) = preSolution
		Debug|Any CPU = Debug|Any CPU
		Release|Any CPU = Release|Any CPU
	EndGlobalSection
	GlobalSection(ProjectConfigurationPlatforms) = postSolution
		{547032B7-CB2D-4CD0-B2BB-B5A8CCDBE70F}.Debug|Any CPU.ActiveCfg = Debug|Any CPU
		{547032B7-CB2D-4CD0-B2BB-B5A8CCDBE70F}.Debug|Any CPU.Build.0 = Debug|Any CPU
		{547032B7-CB2D-4CD0-B2BB-B5A8CCDBE70F}.Release|Any CPU.ActiveCfg = Release|Any CPU
		{547032B7-CB2D-4CD0-B2BB-B5A8CCDBE70F}.Release|Any CPU.Build.0 = Release|Any CPU
		{DA5D2880-F439-4DA2-B3ED-1D589891320E}.Debug|Any CPU.ActiveCfg = Debug|Any CPU
		{DA5D2880-F439-4DA2-B3ED-1D589891320E}.Debug|Any CPU.Build.0 = Debug|Any CPU
		{DA5D2880-F439-4DA2-B3ED-1D589891320E}.Release|Any CPU.ActiveCfg = Release|Any CPU
		{DA5D2880-F439-4DA2-B3ED-1D589891320E}.Release|Any CPU.Build.0 = Release|Any CPU
	EndGlobalSection
	GlobalSection(SolutionProperties) = preSolution
		HideSolutionNode = FALSE
	EndGlobalSection
	GlobalSection(ExtensibilityGlobals) = postSolution
		SolutionGuid = {CA489CD0-2F54-4204-82CC-1F593AFB3EA6}
	EndGlobalSection
EndGlobal
